
Microsoft Visual Studio Solution File, Format Version 12.00
# Visual Studio Version 16
VisualStudioVersion = 16.0.30503.244
MinimumVisualStudioVersion = 10.0.40219.1
Project("{FAE04EC0-301F-11D3-BF4B-00C04F79EFBC}") = "ReactANOVA", "ReactANOVA\ReactANOVA.csproj", "{00AA7D99-742A-40D3-A4DC-7FAC94514B4C}"
EndProject
Global
	GlobalSection(SolutionConfigurationPlatforms) = preSolution
		Debug|Any CPU = Debug|Any CPU
		Release|Any CPU = Release|Any CPU
	EndGlobalSection
	GlobalSection(ProjectConfigurationPlatforms) = postSolution
		{00AA7D99-742A-40D3-A4DC-7FAC94514B4C}.Debug|Any CPU.ActiveCfg = Debug|Any CPU
		{00AA7D99-742A-40D3-A4DC-7FAC94514B4C}.Debug|Any CPU.Build.0 = Debug|Any CPU
		{00AA7D99-742A-40D3-A4DC-7FAC94514B4C}.Release|Any CPU.ActiveCfg = Release|Any CPU
		{00AA7D99-742A-40D3-A4DC-7FAC94514B4C}.Release|Any CPU.Build.0 = Release|Any CPU
	EndGlobalSection
	GlobalSection(SolutionProperties) = preSolution
		HideSolutionNode = FALSE
	EndGlobalSection
	GlobalSection(ExtensibilityGlobals) = postSolution
		SolutionGuid = {68B35287-E15F-49FF-99D2-CB361A5D7B51}
	EndGlobalSection
EndGlobal
